
Microsoft Visual Studio Solution File, Format Version 12.00
# Visual Studio Version 16
VisualStudioVersion = 16.0.30503.244
MinimumVisualStudioVersion = 10.0.40219.1
Project("{FAE04EC0-301F-11D3-BF4B-00C04F79EFBC}") = "Task8Console", "Task8Console\Task8Console.csproj", "{D65BB539-35A1-4E2E-9BAA-8332E6F7C99A}"
EndProject
Project("{FAE04EC0-301F-11D3-BF4B-00C04F79EFBC}") = "Task8Form", "Task8Form\Task8Form.csproj", "{1533609E-D646-4A0E-AA2A-698E99B506D2}"
EndProject
Global
	GlobalSection(SolutionConfigurationPlatforms) = preSolution
		Debug|Any CPU = Debug|Any CPU
		Release|Any CPU = Release|Any CPU
	EndGlobalSection
	GlobalSection(ProjectConfigurationPlatforms) = postSolution
		{D65BB539-35A1-4E2E-9BAA-8332E6F7C99A}.Debug|Any CPU.ActiveCfg = Debug|Any CPU
		{D65BB539-35A1-4E2E-9BAA-8332E6F7C99A}.Debug|Any CPU.Build.0 = Debug|Any CPU
		{D65BB539-35A1-4E2E-9BAA-8332E6F7C99A}.Release|Any CPU.ActiveCfg = Release|Any CPU
		{D65BB539-35A1-4E2E-9BAA-8332E6F7C99A}.Release|Any CPU.Build.0 = Release|Any CPU
		{1533609E-D646-4A0E-AA2A-698E99B506D2}.Debug|Any CPU.ActiveCfg = Debug|Any CPU
		{1533609E-D646-4A0E-AA2A-698E99B506D2}.Debug|Any CPU.Build.0 = Debug|Any CPU
		{1533609E-D646-4A0E-AA2A-698E99B506D2}.Release|Any CPU.ActiveCfg = Release|Any CPU
		{1533609E-D646-4A0E-AA2A-698E99B506D2}.Release|Any CPU.Build.0 = Release|Any CPU
	EndGlobalSection
	GlobalSection(SolutionProperties) = preSolution
		HideSolutionNode = FALSE
	EndGlobalSection
	GlobalSection(ExtensibilityGlobals) = postSolution
		SolutionGuid = {8AEDBBF3-ADA1-4D7C-85C6-A4BCD894A002}
	EndGlobalSection
EndGlobal
